
Microsoft Visual Studio Solution File, Format Version 11.00
# Visual Studio 2010
# SharpDevelop 4.4
Project("{FD48973F-F585-4F70-812B-4D0503B36CE9}") = "StrInt1", "StrInt1\StrInt1.pyproj", "{B5EBF0C2-047B-44E2-91BB-A7AFBE5A9344}"
EndProject
Global
	GlobalSection(SolutionConfigurationPlatforms) = preSolution
		Debug|Any CPU = Debug|Any CPU
		Release|Any CPU = Release|Any CPU
	EndGlobalSection
	GlobalSection(ProjectConfigurationPlatforms) = postSolution
		{B5EBF0C2-047B-44E2-91BB-A7AFBE5A9344}.Debug|Any CPU.Build.0 = Debug|Any CPU
		{B5EBF0C2-047B-44E2-91BB-A7AFBE5A9344}.Debug|Any CPU.ActiveCfg = Debug|Any CPU
		{B5EBF0C2-047B-44E2-91BB-A7AFBE5A9344}.Release|Any CPU.Build.0 = Release|Any CPU
		{B5EBF0C2-047B-44E2-91BB-A7AFBE5A9344}.Release|Any CPU.ActiveCfg = Release|Any CPU
	EndGlobalSection
EndGlobal
