
Microsoft Visual Studio Solution File, Format Version 11.00
# Visual Studio 2010
# SharpDevelop 4.4
Project("{FD48973F-F585-4F70-812B-4D0503B36CE9}") = "String4", "String4\String4.pyproj", "{8631FD45-0016-406B-BCD0-B75E2E282F17}"
EndProject
Global
	GlobalSection(SolutionConfigurationPlatforms) = preSolution
		Debug|Any CPU = Debug|Any CPU
		Release|Any CPU = Release|Any CPU
	EndGlobalSection
	GlobalSection(ProjectConfigurationPlatforms) = postSolution
		{8631FD45-0016-406B-BCD0-B75E2E282F17}.Debug|Any CPU.Build.0 = Debug|Any CPU
		{8631FD45-0016-406B-BCD0-B75E2E282F17}.Debug|Any CPU.ActiveCfg = Debug|Any CPU
		{8631FD45-0016-406B-BCD0-B75E2E282F17}.Release|Any CPU.Build.0 = Release|Any CPU
		{8631FD45-0016-406B-BCD0-B75E2E282F17}.Release|Any CPU.ActiveCfg = Release|Any CPU
	EndGlobalSection
EndGlobal
