
Microsoft Visual Studio Solution File, Format Version 11.00
# Visual Studio 2010
# SharpDevelop 4.4
Project("{FD48973F-F585-4F70-812B-4D0503B36CE9}") = "MultiForm", "MultiForm\MultiForm.pyproj", "{D7B6CFC7-7BDF-4448-B4F0-F7A60030EB45}"
EndProject
Global
	GlobalSection(SolutionConfigurationPlatforms) = preSolution
		Debug|Any CPU = Debug|Any CPU
		Release|Any CPU = Release|Any CPU
	EndGlobalSection
	GlobalSection(ProjectConfigurationPlatforms) = postSolution
		{D7B6CFC7-7BDF-4448-B4F0-F7A60030EB45}.Debug|Any CPU.Build.0 = Debug|Any CPU
		{D7B6CFC7-7BDF-4448-B4F0-F7A60030EB45}.Debug|Any CPU.ActiveCfg = Debug|Any CPU
		{D7B6CFC7-7BDF-4448-B4F0-F7A60030EB45}.Release|Any CPU.Build.0 = Release|Any CPU
		{D7B6CFC7-7BDF-4448-B4F0-F7A60030EB45}.Release|Any CPU.ActiveCfg = Release|Any CPU
	EndGlobalSection
EndGlobal
