
Microsoft Visual Studio Solution File, Format Version 11.00
# Visual Studio 2010
# SharpDevelop 4.4
Project("{FD48973F-F585-4F70-812B-4D0503B36CE9}") = "Pg479", "Pg479\Pg479.pyproj", "{30418346-C33A-4474-B9D4-C8E83456AE26}"
EndProject
Global
	GlobalSection(SolutionConfigurationPlatforms) = preSolution
		Debug|Any CPU = Debug|Any CPU
		Release|Any CPU = Release|Any CPU
	EndGlobalSection
	GlobalSection(ProjectConfigurationPlatforms) = postSolution
		{30418346-C33A-4474-B9D4-C8E83456AE26}.Debug|Any CPU.Build.0 = Debug|Any CPU
		{30418346-C33A-4474-B9D4-C8E83456AE26}.Debug|Any CPU.ActiveCfg = Debug|Any CPU
		{30418346-C33A-4474-B9D4-C8E83456AE26}.Release|Any CPU.Build.0 = Release|Any CPU
		{30418346-C33A-4474-B9D4-C8E83456AE26}.Release|Any CPU.ActiveCfg = Release|Any CPU
	EndGlobalSection
EndGlobal
