
Microsoft Visual Studio Solution File, Format Version 11.00
# Visual Studio 2010
# SharpDevelop 4.4
Project("{FD48973F-F585-4F70-812B-4D0503B36CE9}") = "pg272", "pg272\pg272.pyproj", "{438384DA-9109-4F4A-9741-20D97193959F}"
EndProject
Global
	GlobalSection(SolutionConfigurationPlatforms) = preSolution
		Debug|Any CPU = Debug|Any CPU
		Release|Any CPU = Release|Any CPU
	EndGlobalSection
	GlobalSection(ProjectConfigurationPlatforms) = postSolution
		{438384DA-9109-4F4A-9741-20D97193959F}.Debug|Any CPU.Build.0 = Debug|Any CPU
		{438384DA-9109-4F4A-9741-20D97193959F}.Debug|Any CPU.ActiveCfg = Debug|Any CPU
		{438384DA-9109-4F4A-9741-20D97193959F}.Release|Any CPU.Build.0 = Release|Any CPU
		{438384DA-9109-4F4A-9741-20D97193959F}.Release|Any CPU.ActiveCfg = Release|Any CPU
	EndGlobalSection
EndGlobal
