
Microsoft Visual Studio Solution File, Format Version 12.00
# Visual Studio 2013
VisualStudioVersion = 12.0.40629.0
MinimumVisualStudioVersion = 10.0.40219.1
Project("{FAE04EC0-301F-11D3-BF4B-00C04F79EFBC}") = "Hello World", "Hello World\Hello World.csproj", "{34331FB4-55A5-4341-96CD-BFEDE468ED33}"
EndProject
Project("{FAE04EC0-301F-11D3-BF4B-00C04F79EFBC}") = "HelloName", "HelloName\HelloName.csproj", "{6C825DC0-C3FC-42D9-93F2-9BA4A0BA3EA8}"
EndProject
Project("{FAE04EC0-301F-11D3-BF4B-00C04F79EFBC}") = "Lange52aConsole", "Lange52aConsole\Lange52aConsole.csproj", "{6CF37AB6-A594-4092-92EC-4BC211219C12}"
EndProject
Project("{FAE04EC0-301F-11D3-BF4B-00C04F79EFBC}") = "prog52b-2", "prog52b-2\prog52b-2.csproj", "{D3B9C9B1-674E-4B69-A297-0596C0950B87}"
EndProject
Project("{FAE04EC0-301F-11D3-BF4B-00C04F79EFBC}") = "NameConsole", "NameConsole\NameConsole.csproj", "{32A21C83-C323-4E9D-8AC3-740A9AAFE460}"
EndProject
Project("{FAE04EC0-301F-11D3-BF4B-00C04F79EFBC}") = "Lang54c", "Lang54c\Lang54c.csproj", "{399F71CD-9203-4BBC-836E-E00C09762D12}"
EndProject
Project("{FAE04EC0-301F-11D3-BF4B-00C04F79EFBC}") = "FavClubConsole", "FavClubConsole\FavClubConsole.csproj", "{547FB0BB-5093-4448-9569-BC2C8E7B04C4}"
EndProject
Project("{FAE04EC0-301F-11D3-BF4B-00C04F79EFBC}") = "Prog45a", "Prog45a\Prog45a.csproj", "{831B2967-D509-499B-9A5F-00EF80B25436}"
EndProject
Project("{FAE04EC0-301F-11D3-BF4B-00C04F79EFBC}") = "Lang54a-2", "Lang54a-2\Lang54a-2.csproj", "{C7894E8C-AE48-48B0-85DA-8A0D225711DC}"
EndProject
Project("{FAE04EC0-301F-11D3-BF4B-00C04F79EFBC}") = "Prog88a", "Prog88a\Prog88a.csproj", "{941A0B82-9289-49D3-AC0C-22E84350CEA2}"
EndProject
Project("{FAE04EC0-301F-11D3-BF4B-00C04F79EFBC}") = "Lang85c", "Lang85c\Lang85c.csproj", "{9A131BCE-2E40-4B2A-B100-060C5CCC60EF}"
EndProject
Project("{FAE04EC0-301F-11D3-BF4B-00C04F79EFBC}") = "Lp4-5", "Lp4-5\Lp4-5.csproj", "{625151E7-D036-46A4-BB12-22C1937FD1E7}"
EndProject
Project("{FAE04EC0-301F-11D3-BF4B-00C04F79EFBC}") = "Lp4-1", "Lp4-1\Lp4-1.csproj", "{428697CC-F673-4366-AE23-8F9754357AEA}"
EndProject
Project("{FAE04EC0-301F-11D3-BF4B-00C04F79EFBC}") = "Aboutme", "Aboutme\Aboutme.csproj", "{32FA7122-E96D-48C6-B1A7-A23EC8CE7BFA}"
EndProject
Project("{FAE04EC0-301F-11D3-BF4B-00C04F79EFBC}") = "Pg273BookClubPoints", "Pg273BookClubPoints\Pg273BookClubPoints.csproj", "{1AF8E7BE-98A2-4AC8-980C-E4A7AD1C2A3D}"
EndProject
Project("{FAE04EC0-301F-11D3-BF4B-00C04F79EFBC}") = "Pg266LargeSmall -2", "Pg266LargeSmall -2\Pg266LargeSmall -2.csproj", "{180AEED5-C388-48D6-9499-C862191F68B1}"
EndProject
Project("{FAE04EC0-301F-11D3-BF4B-00C04F79EFBC}") = "Lp4-2", "Lp4-2\Lp4-2.csproj", "{41E373F6-3A90-4D3F-8914-00D07A9EBC30}"
EndProject
Project("{FAE04EC0-301F-11D3-BF4B-00C04F79EFBC}") = "Lang310a", "Lang310a\Lang310a.csproj", "{60D1CF0F-4776-4E53-8AC9-DD35FDD57D7D}"
EndProject
Project("{FAE04EC0-301F-11D3-BF4B-00C04F79EFBC}") = "Pg535CatchMe,NOT FINISHED", "Pg535CatchMe\Pg535CatchMe,NOT FINISHED.csproj", "{13D7A014-E90B-4CE3-A11D-6B20662CF100}"
EndProject
Project("{FAE04EC0-301F-11D3-BF4B-00C04F79EFBC}") = "Pg273MassAndWeight", "Pg273MassAndWeight\Pg273MassAndWeight.csproj", "{72EFED5F-3048-4E6C-8D05-4DC1C560FEFA}"
EndProject
Project("{FAE04EC0-301F-11D3-BF4B-00C04F79EFBC}") = "Lang122bWhile", "Lang122bWhile\Lang122bWhile.csproj", "{8A1D5F31-3882-42F5-AF64-FE96519BB4D4}"
EndProject
Project("{FAE04EC0-301F-11D3-BF4B-00C04F79EFBC}") = "pg347sum", "pg347sum\pg347sum.csproj", "{6B06EC88-BF37-4C71-98AA-1C6E482C9C72}"
EndProject
Project("{FAE04EC0-301F-11D3-BF4B-00C04F79EFBC}") = "CalcWithFuntion", "CalcWithFuntion\CalcWithFuntion.csproj", "{F05E0DED-CD41-4C5A-B195-DC33D012D707}"
EndProject
Project("{FAE04EC0-301F-11D3-BF4B-00C04F79EFBC}") = "Prog366b", "Prog366b\Prog366b.csproj", "{9323816A-0F7C-4E44-A0AF-6818ED9DCCBF}"
EndProject
Project("{FAE04EC0-301F-11D3-BF4B-00C04F79EFBC}") = "pg498Payroll", "pg498Payroll\pg498Payroll.csproj", "{21929353-CC99-4A8A-8DBD-E07F108CB922}"
EndProject
Project("{FAE04EC0-301F-11D3-BF4B-00C04F79EFBC}") = "strinterview7", "strinterview7\strinterview7.csproj", "{537EF48E-8F94-46BB-A556-1B5DEAB09358}"
EndProject
Project("{FAE04EC0-301F-11D3-BF4B-00C04F79EFBC}") = "strinterview16", "strinterview16\strinterview16.csproj", "{2347AC6C-793E-4479-A368-F610A8B23BEF}"
EndProject
Project("{FAE04EC0-301F-11D3-BF4B-00C04F79EFBC}") = "strinterview18", "strinterview18\strinterview18.csproj", "{50C3065C-EB7A-456C-8792-CE015EF2D29A}"
EndProject
Project("{FAE04EC0-301F-11D3-BF4B-00C04F79EFBC}") = "strinterview8", "strinterview8\strinterview8.csproj", "{C3D9DF68-0F32-4CD8-8C18-1231A7414259}"
EndProject
Global
	GlobalSection(SolutionConfigurationPlatforms) = preSolution
		Debug|Any CPU = Debug|Any CPU
		Release|Any CPU = Release|Any CPU
	EndGlobalSection
	GlobalSection(ProjectConfigurationPlatforms) = postSolution
		{34331FB4-55A5-4341-96CD-BFEDE468ED33}.Debug|Any CPU.ActiveCfg = Debug|Any CPU
		{34331FB4-55A5-4341-96CD-BFEDE468ED33}.Debug|Any CPU.Build.0 = Debug|Any CPU
		{34331FB4-55A5-4341-96CD-BFEDE468ED33}.Release|Any CPU.ActiveCfg = Release|Any CPU
		{34331FB4-55A5-4341-96CD-BFEDE468ED33}.Release|Any CPU.Build.0 = Release|Any CPU
		{6C825DC0-C3FC-42D9-93F2-9BA4A0BA3EA8}.Debug|Any CPU.ActiveCfg = Debug|Any CPU
		{6C825DC0-C3FC-42D9-93F2-9BA4A0BA3EA8}.Debug|Any CPU.Build.0 = Debug|Any CPU
		{6C825DC0-C3FC-42D9-93F2-9BA4A0BA3EA8}.Release|Any CPU.ActiveCfg = Release|Any CPU
		{6C825DC0-C3FC-42D9-93F2-9BA4A0BA3EA8}.Release|Any CPU.Build.0 = Release|Any CPU
		{6CF37AB6-A594-4092-92EC-4BC211219C12}.Debug|Any CPU.ActiveCfg = Debug|Any CPU
		{6CF37AB6-A594-4092-92EC-4BC211219C12}.Debug|Any CPU.Build.0 = Debug|Any CPU
		{6CF37AB6-A594-4092-92EC-4BC211219C12}.Release|Any CPU.ActiveCfg = Release|Any CPU
		{6CF37AB6-A594-4092-92EC-4BC211219C12}.Release|Any CPU.Build.0 = Release|Any CPU
		{D3B9C9B1-674E-4B69-A297-0596C0950B87}.Debug|Any CPU.ActiveCfg = Debug|Any CPU
		{D3B9C9B1-674E-4B69-A297-0596C0950B87}.Debug|Any CPU.Build.0 = Debug|Any CPU
		{D3B9C9B1-674E-4B69-A297-0596C0950B87}.Release|Any CPU.ActiveCfg = Release|Any CPU
		{D3B9C9B1-674E-4B69-A297-0596C0950B87}.Release|Any CPU.Build.0 = Release|Any CPU
		{32A21C83-C323-4E9D-8AC3-740A9AAFE460}.Debug|Any CPU.ActiveCfg = Debug|Any CPU
		{32A21C83-C323-4E9D-8AC3-740A9AAFE460}.Debug|Any CPU.Build.0 = Debug|Any CPU
		{32A21C83-C323-4E9D-8AC3-740A9AAFE460}.Release|Any CPU.ActiveCfg = Release|Any CPU
		{32A21C83-C323-4E9D-8AC3-740A9AAFE460}.Release|Any CPU.Build.0 = Release|Any CPU
		{399F71CD-9203-4BBC-836E-E00C09762D12}.Debug|Any CPU.ActiveCfg = Debug|Any CPU
		{399F71CD-9203-4BBC-836E-E00C09762D12}.Debug|Any CPU.Build.0 = Debug|Any CPU
		{399F71CD-9203-4BBC-836E-E00C09762D12}.Release|Any CPU.ActiveCfg = Release|Any CPU
		{399F71CD-9203-4BBC-836E-E00C09762D12}.Release|Any CPU.Build.0 = Release|Any CPU
		{547FB0BB-5093-4448-9569-BC2C8E7B04C4}.Debug|Any CPU.ActiveCfg = Debug|Any CPU
		{547FB0BB-5093-4448-9569-BC2C8E7B04C4}.Debug|Any CPU.Build.0 = Debug|Any CPU
		{547FB0BB-5093-4448-9569-BC2C8E7B04C4}.Release|Any CPU.ActiveCfg = Release|Any CPU
		{547FB0BB-5093-4448-9569-BC2C8E7B04C4}.Release|Any CPU.Build.0 = Release|Any CPU
		{831B2967-D509-499B-9A5F-00EF80B25436}.Debug|Any CPU.ActiveCfg = Debug|Any CPU
		{831B2967-D509-499B-9A5F-00EF80B25436}.Debug|Any CPU.Build.0 = Debug|Any CPU
		{831B2967-D509-499B-9A5F-00EF80B25436}.Release|Any CPU.ActiveCfg = Release|Any CPU
		{831B2967-D509-499B-9A5F-00EF80B25436}.Release|Any CPU.Build.0 = Release|Any CPU
		{C7894E8C-AE48-48B0-85DA-8A0D225711DC}.Debug|Any CPU.ActiveCfg = Debug|Any CPU
		{C7894E8C-AE48-48B0-85DA-8A0D225711DC}.Debug|Any CPU.Build.0 = Debug|Any CPU
		{C7894E8C-AE48-48B0-85DA-8A0D225711DC}.Release|Any CPU.ActiveCfg = Release|Any CPU
		{C7894E8C-AE48-48B0-85DA-8A0D225711DC}.Release|Any CPU.Build.0 = Release|Any CPU
		{941A0B82-9289-49D3-AC0C-22E84350CEA2}.Debug|Any CPU.ActiveCfg = Debug|Any CPU
		{941A0B82-9289-49D3-AC0C-22E84350CEA2}.Debug|Any CPU.Build.0 = Debug|Any CPU
		{941A0B82-9289-49D3-AC0C-22E84350CEA2}.Release|Any CPU.ActiveCfg = Release|Any CPU
		{941A0B82-9289-49D3-AC0C-22E84350CEA2}.Release|Any CPU.Build.0 = Release|Any CPU
		{9A131BCE-2E40-4B2A-B100-060C5CCC60EF}.Debug|Any CPU.ActiveCfg = Debug|Any CPU
		{9A131BCE-2E40-4B2A-B100-060C5CCC60EF}.Debug|Any CPU.Build.0 = Debug|Any CPU
		{9A131BCE-2E40-4B2A-B100-060C5CCC60EF}.Release|Any CPU.ActiveCfg = Release|Any CPU
		{9A131BCE-2E40-4B2A-B100-060C5CCC60EF}.Release|Any CPU.Build.0 = Release|Any CPU
		{625151E7-D036-46A4-BB12-22C1937FD1E7}.Debug|Any CPU.ActiveCfg = Debug|Any CPU
		{625151E7-D036-46A4-BB12-22C1937FD1E7}.Debug|Any CPU.Build.0 = Debug|Any CPU
		{625151E7-D036-46A4-BB12-22C1937FD1E7}.Release|Any CPU.ActiveCfg = Release|Any CPU
		{625151E7-D036-46A4-BB12-22C1937FD1E7}.Release|Any CPU.Build.0 = Release|Any CPU
		{428697CC-F673-4366-AE23-8F9754357AEA}.Debug|Any CPU.ActiveCfg = Debug|Any CPU
		{428697CC-F673-4366-AE23-8F9754357AEA}.Debug|Any CPU.Build.0 = Debug|Any CPU
		{428697CC-F673-4366-AE23-8F9754357AEA}.Release|Any CPU.ActiveCfg = Release|Any CPU
		{428697CC-F673-4366-AE23-8F9754357AEA}.Release|Any CPU.Build.0 = Release|Any CPU
		{32FA7122-E96D-48C6-B1A7-A23EC8CE7BFA}.Debug|Any CPU.ActiveCfg = Debug|Any CPU
		{32FA7122-E96D-48C6-B1A7-A23EC8CE7BFA}.Debug|Any CPU.Build.0 = Debug|Any CPU
		{32FA7122-E96D-48C6-B1A7-A23EC8CE7BFA}.Release|Any CPU.ActiveCfg = Release|Any CPU
		{32FA7122-E96D-48C6-B1A7-A23EC8CE7BFA}.Release|Any CPU.Build.0 = Release|Any CPU
		{1AF8E7BE-98A2-4AC8-980C-E4A7AD1C2A3D}.Debug|Any CPU.ActiveCfg = Debug|Any CPU
		{1AF8E7BE-98A2-4AC8-980C-E4A7AD1C2A3D}.Debug|Any CPU.Build.0 = Debug|Any CPU
		{1AF8E7BE-98A2-4AC8-980C-E4A7AD1C2A3D}.Release|Any CPU.ActiveCfg = Release|Any CPU
		{1AF8E7BE-98A2-4AC8-980C-E4A7AD1C2A3D}.Release|Any CPU.Build.0 = Release|Any CPU
		{180AEED5-C388-48D6-9499-C862191F68B1}.Debug|Any CPU.ActiveCfg = Debug|Any CPU
		{180AEED5-C388-48D6-9499-C862191F68B1}.Debug|Any CPU.Build.0 = Debug|Any CPU
		{180AEED5-C388-48D6-9499-C862191F68B1}.Release|Any CPU.ActiveCfg = Release|Any CPU
		{180AEED5-C388-48D6-9499-C862191F68B1}.Release|Any CPU.Build.0 = Release|Any CPU
		{41E373F6-3A90-4D3F-8914-00D07A9EBC30}.Debug|Any CPU.ActiveCfg = Debug|Any CPU
		{41E373F6-3A90-4D3F-8914-00D07A9EBC30}.Debug|Any CPU.Build.0 = Debug|Any CPU
		{41E373F6-3A90-4D3F-8914-00D07A9EBC30}.Release|Any CPU.ActiveCfg = Release|Any CPU
		{41E373F6-3A90-4D3F-8914-00D07A9EBC30}.Release|Any CPU.Build.0 = Release|Any CPU
		{60D1CF0F-4776-4E53-8AC9-DD35FDD57D7D}.Debug|Any CPU.ActiveCfg = Debug|Any CPU
		{60D1CF0F-4776-4E53-8AC9-DD35FDD57D7D}.Debug|Any CPU.Build.0 = Debug|Any CPU
		{60D1CF0F-4776-4E53-8AC9-DD35FDD57D7D}.Release|Any CPU.ActiveCfg = Release|Any CPU
		{60D1CF0F-4776-4E53-8AC9-DD35FDD57D7D}.Release|Any CPU.Build.0 = Release|Any CPU
		{13D7A014-E90B-4CE3-A11D-6B20662CF100}.Debug|Any CPU.ActiveCfg = Debug|Any CPU
		{13D7A014-E90B-4CE3-A11D-6B20662CF100}.Debug|Any CPU.Build.0 = Debug|Any CPU
		{13D7A014-E90B-4CE3-A11D-6B20662CF100}.Release|Any CPU.ActiveCfg = Release|Any CPU
		{13D7A014-E90B-4CE3-A11D-6B20662CF100}.Release|Any CPU.Build.0 = Release|Any CPU
		{72EFED5F-3048-4E6C-8D05-4DC1C560FEFA}.Debug|Any CPU.ActiveCfg = Debug|Any CPU
		{72EFED5F-3048-4E6C-8D05-4DC1C560FEFA}.Debug|Any CPU.Build.0 = Debug|Any CPU
		{72EFED5F-3048-4E6C-8D05-4DC1C560FEFA}.Release|Any CPU.ActiveCfg = Release|Any CPU
		{72EFED5F-3048-4E6C-8D05-4DC1C560FEFA}.Release|Any CPU.Build.0 = Release|Any CPU
		{8A1D5F31-3882-42F5-AF64-FE96519BB4D4}.Debug|Any CPU.ActiveCfg = Debug|Any CPU
		{8A1D5F31-3882-42F5-AF64-FE96519BB4D4}.Debug|Any CPU.Build.0 = Debug|Any CPU
		{8A1D5F31-3882-42F5-AF64-FE96519BB4D4}.Release|Any CPU.ActiveCfg = Release|Any CPU
		{8A1D5F31-3882-42F5-AF64-FE96519BB4D4}.Release|Any CPU.Build.0 = Release|Any CPU
		{6B06EC88-BF37-4C71-98AA-1C6E482C9C72}.Debug|Any CPU.ActiveCfg = Debug|Any CPU
		{6B06EC88-BF37-4C71-98AA-1C6E482C9C72}.Debug|Any CPU.Build.0 = Debug|Any CPU
		{6B06EC88-BF37-4C71-98AA-1C6E482C9C72}.Release|Any CPU.ActiveCfg = Release|Any CPU
		{6B06EC88-BF37-4C71-98AA-1C6E482C9C72}.Release|Any CPU.Build.0 = Release|Any CPU
		{F05E0DED-CD41-4C5A-B195-DC33D012D707}.Debug|Any CPU.ActiveCfg = Debug|Any CPU
		{F05E0DED-CD41-4C5A-B195-DC33D012D707}.Debug|Any CPU.Build.0 = Debug|Any CPU
		{F05E0DED-CD41-4C5A-B195-DC33D012D707}.Release|Any CPU.ActiveCfg = Release|Any CPU
		{F05E0DED-CD41-4C5A-B195-DC33D012D707}.Release|Any CPU.Build.0 = Release|Any CPU
		{9323816A-0F7C-4E44-A0AF-6818ED9DCCBF}.Debug|Any CPU.ActiveCfg = Debug|Any CPU
		{9323816A-0F7C-4E44-A0AF-6818ED9DCCBF}.Debug|Any CPU.Build.0 = Debug|Any CPU
		{9323816A-0F7C-4E44-A0AF-6818ED9DCCBF}.Release|Any CPU.ActiveCfg = Release|Any CPU
		{9323816A-0F7C-4E44-A0AF-6818ED9DCCBF}.Release|Any CPU.Build.0 = Release|Any CPU
		{21929353-CC99-4A8A-8DBD-E07F108CB922}.Debug|Any CPU.ActiveCfg = Debug|Any CPU
		{21929353-CC99-4A8A-8DBD-E07F108CB922}.Debug|Any CPU.Build.0 = Debug|Any CPU
		{21929353-CC99-4A8A-8DBD-E07F108CB922}.Release|Any CPU.ActiveCfg = Release|Any CPU
		{21929353-CC99-4A8A-8DBD-E07F108CB922}.Release|Any CPU.Build.0 = Release|Any CPU
		{537EF48E-8F94-46BB-A556-1B5DEAB09358}.Debug|Any CPU.ActiveCfg = Debug|Any CPU
		{537EF48E-8F94-46BB-A556-1B5DEAB09358}.Debug|Any CPU.Build.0 = Debug|Any CPU
		{537EF48E-8F94-46BB-A556-1B5DEAB09358}.Release|Any CPU.ActiveCfg = Release|Any CPU
		{537EF48E-8F94-46BB-A556-1B5DEAB09358}.Release|Any CPU.Build.0 = Release|Any CPU
		{2347AC6C-793E-4479-A368-F610A8B23BEF}.Debug|Any CPU.ActiveCfg = Debug|Any CPU
		{2347AC6C-793E-4479-A368-F610A8B23BEF}.Debug|Any CPU.Build.0 = Debug|Any CPU
		{2347AC6C-793E-4479-A368-F610A8B23BEF}.Release|Any CPU.ActiveCfg = Release|Any CPU
		{2347AC6C-793E-4479-A368-F610A8B23BEF}.Release|Any CPU.Build.0 = Release|Any CPU
		{50C3065C-EB7A-456C-8792-CE015EF2D29A}.Debug|Any CPU.ActiveCfg = Debug|Any CPU
		{50C3065C-EB7A-456C-8792-CE015EF2D29A}.Debug|Any CPU.Build.0 = Debug|Any CPU
		{50C3065C-EB7A-456C-8792-CE015EF2D29A}.Release|Any CPU.ActiveCfg = Release|Any CPU
		{50C3065C-EB7A-456C-8792-CE015EF2D29A}.Release|Any CPU.Build.0 = Release|Any CPU
		{C3D9DF68-0F32-4CD8-8C18-1231A7414259}.Debug|Any CPU.ActiveCfg = Debug|Any CPU
		{C3D9DF68-0F32-4CD8-8C18-1231A7414259}.Debug|Any CPU.Build.0 = Debug|Any CPU
		{C3D9DF68-0F32-4CD8-8C18-1231A7414259}.Release|Any CPU.ActiveCfg = Release|Any CPU
		{C3D9DF68-0F32-4CD8-8C18-1231A7414259}.Release|Any CPU.Build.0 = Release|Any CPU
	EndGlobalSection
	GlobalSection(SolutionProperties) = preSolution
		HideSolutionNode = FALSE
	EndGlobalSection
EndGlobal
